
Microsoft Visual Studio Solution File, Format Version 12.00
# Visual Studio Version 17
VisualStudioVersion = 17.14.36109.1 d17.14
MinimumVisualStudioVersion = 10.0.40219.1
Project("{FAE04EC0-301F-11D3-BF4B-00C04F79EFBC}") = "CalculatorApp", "CalculatorApp.csproj", "{74E2362E-5F8C-4693-84B3-034D1A51C8D5}"
EndProject
Global
	GlobalSection(SolutionConfigurationPlatforms) = preSolution
		Debug|Any CPU = Debug|Any CPU
		Release|Any CPU = Release|Any CPU
	EndGlobalSection
	GlobalSection(ProjectConfigurationPlatforms) = postSolution
		{74E2362E-5F8C-4693-84B3-034D1A51C8D5}.Debug|Any CPU.ActiveCfg = Debug|Any CPU
		{74E2362E-5F8C-4693-84B3-034D1A51C8D5}.Debug|Any CPU.Build.0 = Debug|Any CPU
		{74E2362E-5F8C-4693-84B3-034D1A51C8D5}.Debug|Any CPU.Deploy.0 = Debug|Any CPU
		{74E2362E-5F8C-4693-84B3-034D1A51C8D5}.Release|Any CPU.ActiveCfg = Release|Any CPU
		{74E2362E-5F8C-4693-84B3-034D1A51C8D5}.Release|Any CPU.Build.0 = Release|Any CPU
	EndGlobalSection
	GlobalSection(SolutionProperties) = preSolution
		HideSolutionNode = FALSE
	EndGlobalSection
	GlobalSection(ExtensibilityGlobals) = postSolution
		SolutionGuid = {B95523F6-059B-4B9F-B599-F07AF0A7CFA0}
	EndGlobalSection
EndGlobal
